// !$*UTF8*$!
{
	archiveVersion = 1;
	classes = {
	};
	objectVersion = 50;
	objects = {

/* Begin PBXBuildFile section */
		F3009DFE23F801A200F7E956 /* AppDelegate.swift in Sources */ = {isa = PBXBuildFile; fileRef = F3009DFD23F801A200F7E956 /* AppDelegate.swift */; };
		F3009E0023F801A200F7E956 /* SceneDelegate.swift in Sources */ = {isa = PBXBuildFile; fileRef = F3009DFF23F801A200F7E956 /* SceneDelegate.swift */; };
		F3009E0223F801A200F7E956 /* ContentView.swift in Sources */ = {isa = PBXBuildFile; fileRef = F3009E0123F801A200F7E956 /* ContentView.swift */; };
		F3009E0423F801A600F7E956 /* Assets.xcassets in Resources */ = {isa = PBXBuildFile; fileRef = F3009E0323F801A600F7E956 /* Assets.xcassets */; };
		F3009E0723F801A600F7E956 /* Preview Assets.xcassets in Resources */ = {isa = PBXBuildFile; fileRef = F3009E0623F801A600F7E956 /* Preview Assets.xcassets */; };
		F3009E0A23F801A600F7E956 /* LaunchScreen.storyboard in Resources */ = {isa = PBXBuildFile; fileRef = F3009E0823F801A600F7E956 /* LaunchScreen.storyboard */; };
		F3009E1223F801CE00F7E956 /* Person.swift in Sources */ = {isa = PBXBuildFile; fileRef = F3009E1123F801CE00F7E956 /* Person.swift */; };
		F3009E1423F801F700F7E956 /* PersonRequest.swift in Sources */ = {isa = PBXBuildFile; fileRef = F3009E1323F801F700F7E956 /* PersonRequest.swift */; };
/* End PBXBuildFile section */

/* Begin PBXFileReference section */
		F3009DFA23F801A200F7E956 /* SimpleJsonClient.app */ = {isa = PBXFileReference; explicitFileType = wrapper.application; includeInIndex = 0; path = SimpleJsonClient.app; sourceTree = BUILT_PRODUCTS_DIR; };
		F3009DFD23F801A200F7E956 /* AppDelegate.swift */ = {isa = PBXFileReference; lastKnownFileType = sourcecode.swift; path = AppDelegate.swift; sourceTree = "<group>"; };
		F3009DFF23F801A200F7E956 /* SceneDelegate.swift */ = {isa = PBXFileReference; lastKnownFileType = sourcecode.swift; path = SceneDelegate.swift; sourceTree = "<group>"; };
		F3009E0123F801A200F7E956 /* ContentView.swift */ = {isa = PBXFileReference; lastKnownFileType = sourcecode.swift; path = ContentView.swift; sourceTree = "<group>"; };
		F3009E0323F801A600F7E956 /* Assets.xcassets */ = {isa = PBXFileReference; lastKnownFileType = folder.assetcatalog; path = Assets.xcassets; sourceTree = "<group>"; };
		F3009E0623F801A600F7E956 /* Preview Assets.xcassets */ = {isa = PBXFileReference; lastKnownFileType = folder.assetcatalog; path = "Preview Assets.xcassets"; sourceTree = "<group>"; };
		F3009E0923F801A600F7E956 /* Base */ = {isa = PBXFileReference; lastKnownFileType = file.storyboard; name = Base; path = Base.lproj/LaunchScreen.storyboard; sourceTree = "<group>"; };
		F3009E0B23F801A600F7E956 /* Info.plist */ = {isa = PBXFileReference; lastKnownFileType = text.plist.xml; path = Info.plist; sourceTree = "<group>"; };
		F3009E1123F801CE00F7E956 /* Person.swift */ = {isa = PBXFileReference; lastKnownFileType = sourcecode.swift; path = Person.swift; sourceTree = "<group>"; };
		F3009E1323F801F700F7E956 /* PersonRequest.swift */ = {isa = PBXFileReference; lastKnownFileType = sourcecode.swift; path = PersonRequest.swift; sourceTree = "<group>"; };
/* End PBXFileReference section */

/* Begin PBXFrameworksBuildPhase section */
		F3009DF723F801A200F7E956 /* Frameworks */ = {
			isa = PBXFrameworksBuildPhase;
			buildActionMask = 2147483647;
			files = (
			);
			runOnlyForDeploymentPostprocessing = 0;
		};
/* End PBXFrameworksBuildPhase section */

/* Begin PBXGroup section */
		F3009DF123F801A200F7E956 = {
			isa = PBXGroup;
			children = (
				F3009DFC23F801A200F7E956 /* SimpleJsonClient */,
				F3009DFB23F801A200F7E956 /* Products */,
			);
			sourceTree = "<group>";
		};
		F3009DFB23F801A200F7E956 /* Products */ = {
			isa = PBXGroup;
			children = (
				F3009DFA23F801A200F7E956 /* SimpleJsonClient.app */,
			);
			name = Products;
			sourceTree = "<group>";
		};
		F3009DFC23F801A200F7E956 /* SimpleJsonClient */ = {
			isa = PBXGroup;
			children = (
				F3009DFD23F801A200F7E956 /* AppDelegate.swift */,
				F3009DFF23F801A200F7E956 /* SceneDelegate.swift */,
				F3009E0123F801A200F7E956 /* ContentView.swift */,
				F3009E1123F801CE00F7E956 /* Person.swift */,
				F3009E1323F801F700F7E956 /* PersonRequest.swift */,
				F3009E0323F801A600F7E956 /* Assets.xcassets */,
				F3009E0823F801A600F7E956 /* LaunchScreen.storyboard */,
				F3009E0B23F801A600F7E956 /* Info.plist */,
				F3009E0523F801A600F7E956 /* Preview Content */,
			);
			path = SimpleJsonClient;
			sourceTree = "<group>";
		};
		F3009E0523F801A600F7E956 /* Preview Content */ = {
			isa = PBXGroup;
			children = (
				F3009E0623F801A600F7E956 /* Preview Assets.xcassets */,
			);
			path = "Preview Content";
			sourceTree = "<group>";
		};
/* End PBXGroup section */

/* Begin PBXNativeTarget section */
		F3009DF923F801A200F7E956 /* SimpleJsonClient */ = {
			isa = PBXNativeTarget;
			buildConfigurationList = F3009E0E23F801A600F7E956 /* Build configuration list for PBXNativeTarget "SimpleJsonClient" */;
			buildPhases = (
				F3009DF623F801A200F7E956 /* Sources */,
				F3009DF723F801A200F7E956 /* Frameworks */,
				F3009DF823F801A200F7E956 /* Resources */,
			);
			buildRules = (
			);
			dependencies = (
			);
			name = SimpleJsonClient;
			productName = SimpleJsonClient;
			productReference = F3009DFA23F801A200F7E956 /* SimpleJsonClient.app */;
			productType = "com.apple.product-type.application";
		};
/* End PBXNativeTarget section */

/* Begin PBXProject section */
		F3009DF223F801A200F7E956 /* Project object */ = {
			isa = PBXProject;
			attributes = {
				LastSwiftUpdateCheck = 1130;
				LastUpgradeCheck = 1130;
				ORGANIZATIONNAME = landtanin;
				TargetAttributes = {
					F3009DF923F801A200F7E956 = {
						CreatedOnToolsVersion = 11.3;
					};
				};
			};
			buildConfigurationList = F3009DF523F801A200F7E956 /* Build configuration list for PBXProject "SimpleJsonClient" */;
			compatibilityVersion = "Xcode 9.3";
			developmentRegion = en;
			hasScannedForEncodings = 0;
			knownRegions = (
				en,
				Base,
			);
			mainGroup = F3009DF123F801A200F7E956;
			productRefGroup = F3009DFB23F801A200F7E956 /* Products */;
			projectDirPath = "";
			projectRoot = "";
			targets = (
				F3009DF923F801A200F7E956 /* SimpleJsonClient */,
			);
		};
/* End PBXProject section */

/* Begin PBXResourcesBuildPhase section */
		F3009DF823F801A200F7E956 /* Resources */ = {
			isa = PBXResourcesBuildPhase;
			buildActionMask = 2147483647;
			files = (
				F3009E0A23F801A600F7E956 /* LaunchScreen.storyboard in Resources */,
				F3009E0723F801A600F7E956 /* Preview Assets.xcassets in Resources */,
				F3009E0423F801A600F7E956 /* Assets.xcassets in Resources */,
			);
			runOnlyForDeploymentPostprocessing = 0;
		};
/* End PBXResourcesBuildPhase section */

/* Begin PBXSourcesBuildPhase section */
		F3009DF623F801A200F7E956 /* Sources */ = {
			isa = PBXSourcesBuildPhase;
			buildActionMask = 2147483647;
			files = (
				F3009DFE23F801A200F7E956 /* AppDelegate.swift in Sources */,
				F3009E0023F801A200F7E956 /* SceneDelegate.swift in Sources */,
				F3009E1223F801CE00F7E956 /* Person.swift in Sources */,
				F3009E0223F801A200F7E956 /* ContentView.swift in Sources */,
				F3009E1423F801F700F7E956 /* PersonRequest.swift in Sources */,
			);
			runOnlyForDeploymentPostprocessing = 0;
		};
/* End PBXSourcesBuildPhase section */

/* Begin PBXVariantGroup section */
		F3009E0823F801A600F7E956 /* LaunchScreen.storyboard */ = {
			isa = PBXVariantGroup;
			children = (
				F3009E0923F801A600F7E956 /* Base */,
			);
			name = LaunchScreen.storyboard;
			sourceTree = "<group>";
		};
/* End PBXVariantGroup section */

/* Begin XCBuildConfiguration section */
		F3009E0C23F801A600F7E956 /* Debug */ = {
			isa = XCBuildConfiguration;
			buildSettings = {
				ALWAYS_SEARCH_USER_PATHS = NO;
				CLANG_ANALYZER_NONNULL = YES;
				CLANG_ANALYZER_NUMBER_OBJECT_CONVERSION = YES_AGGRESSIVE;
				CLANG_CXX_LANGUAGE_STANDARD = "gnu++14";
				CLANG_CXX_LIBRARY = "libc++";
				CLANG_ENABLE_MODULES = YES;
				CLANG_ENABLE_OBJC_ARC = YES;
				CLANG_ENABLE_OBJC_WEAK = YES;
				CLANG_WARN_BLOCK_CAPTURE_AUTORELEASING = YES;
				CLANG_WARN_BOOL_CONVERSION = YES;
				CLANG_WARN_COMMA = YES;
				CLANG_WARN_CONSTANT_CONVERSION = YES;
				CLANG_WARN_DEPRECATED_OBJC_IMPLEMENTATIONS = YES;
				CLANG_WARN_DIRECT_OBJC_ISA_USAGE = YES_ERROR;
				CLANG_WARN_DOCUMENTATION_COMMENTS = YES;
				CLANG_WARN_EMPTY_BODY = YES;
				CLANG_WARN_ENUM_CONVERSION = YES;
				CLANG_WARN_INFINITE_RECURSION = YES;
				CLANG_WARN_INT_CONVERSION = YES;
				CLANG_WARN_NON_LITERAL_NULL_CONVERSION = YES;
				CLANG_WARN_OBJC_IMPLICIT_RETAIN_SELF = YES;
				CLANG_WARN_OBJC_LITERAL_CONVERSION = YES;
				CLANG_WARN_OBJC_ROOT_CLASS = YES_ERROR;
				CLANG_WARN_RANGE_LOOP_ANALYSIS = YES;
				CLANG_WARN_STRICT_PROTOTYPES = YES;
				CLANG_WARN_SUSPICIOUS_MOVE = YES;
				CLANG_WARN_UNGUARDED_AVAILABILITY = YES_AGGRESSIVE;
				CLANG_WARN_UNREACHABLE_CODE = YES;
				CLANG_WARN__DUPLICATE_METHOD_MATCH = YES;
				COPY_PHASE_STRIP = NO;
				DEBUG_INFORMATION_FORMAT = dwarf;
				ENABLE_STRICT_OBJC_MSGSEND = YES;
				ENABLE_TESTABILITY = YES;
				GCC_C_LANGUAGE_STANDARD = gnu11;
				GCC_DYNAMIC_NO_PIC = NO;
				GCC_NO_COMMON_BLOCKS = YES;
				GCC_OPTIMIZATION_LEVEL = 0;
				GCC_PREPROCESSOR_DEFINITIONS = (
					"DEBUG=1",
					"$(inherited)",
				);
				GCC_WARN_64_TO_32_BIT_CONVERSION = YES;
				GCC_WARN_ABOUT_RETURN_TYPE = YES_ERROR;
				GCC_WARN_UNDECLARED_SELECTOR = YES;
				GCC_WARN_UNINITIALIZED_AUTOS = YES_AGGRESSIVE;
				GCC_WARN_UNUSED_FUNCTION = YES;
				GCC_WARN_UNUSED_VARIABLE = YES;
				IPHONEOS_DEPLOYMENT_TARGET = 13.2;
				MTL_ENABLE_DEBUG_INFO = INCLUDE_SOURCE;
				MTL_FAST_MATH = YES;
				ONLY_ACTIVE_ARCH = YES;
				SDKROOT = iphoneos;
				SWIFT_ACTIVE_COMPILATION_CONDITIONS = DEBUG;
				SWIFT_OPTIMIZATION_LEVEL = "-Onone";
			};
			name = Debug;
		};
		F3009E0D23F801A600F7E956 /* Release */ = {
			isa = XCBuildConfiguration;
			buildSettings = {
				ALWAYS_SEARCH_USER_PATHS = NO;
				CLANG_ANALYZER_NONNULL = YES;
				CLANG_ANALYZER_NUMBER_OBJECT_CONVERSION = YES_AGGRESSIVE;
				CLANG_CXX_LANGUAGE_STANDARD = "gnu++14";
				CLANG_CXX_LIBRARY = "libc++";
				CLANG_ENABLE_MODULES = YES;
				CLANG_ENABLE_OBJC_ARC = YES;
				CLANG_ENABLE_OBJC_WEAK = YES;
				CLANG_WARN_BLOCK_CAPTURE_AUTORELEASING = YES;
				CLANG_WARN_BOOL_CONVERSION = YES;
				CLANG_WARN_COMMA = YES;
				CLANG_WARN_CONSTANT_CONVERSION = YES;
				CLANG_WARN_DEPRECATED_OBJC_IMPLEMENTATIONS = YES;
				CLANG_WARN_DIRECT_OBJC_ISA_USAGE = YES_ERROR;
				CLANG_WARN_DOCUMENTATION_COMMENTS = YES;
				CLANG_WARN_EMPTY_BODY = YES;
				CLANG_WARN_ENUM_CONVERSION = YES;
				CLANG_WARN_INFINITE_RECURSION = YES;
				CLANG_WARN_INT_CONVERSION = YES;
				CLANG_WARN_NON_LITERAL_NULL_CONVERSION = YES;
				CLANG_WARN_OBJC_IMPLICIT_RETAIN_SELF = YES;
				CLANG_WARN_OBJC_LITERAL_CONVERSION = YES;
				CLANG_WARN_OBJC_ROOT_CLASS = YES_ERROR;
				CLANG_WARN_RANGE_LOOP_ANALYSIS = YES;
				CLANG_WARN_STRICT_PROTOTYPES = YES;
				CLANG_WARN_SUSPICIOUS_MOVE = YES;
				CLANG_WARN_UNGUARDED_AVAILABILITY = YES_AGGRESSIVE;
				CLANG_WARN_UNREACHABLE_CODE = YES;
				CLANG_WARN__DUPLICATE_METHOD_MATCH = YES;
				COPY_PHASE_STRIP = NO;
				DEBUG_INFORMATION_FORMAT = "dwarf-with-dsym";
				ENABLE_NS_ASSERTIONS = NO;
				ENABLE_STRICT_OBJC_MSGSEND = YES;
				GCC_C_LANGUAGE_STANDARD = gnu11;
				GCC_NO_COMMON_BLOCKS = YES;
				GCC_WARN_64_TO_32_BIT_CONVERSION = YES;
				GCC_WARN_ABOUT_RETURN_TYPE = YES_ERROR;
				GCC_WARN_UNDECLARED_SELECTOR = YES;
				GCC_WARN_UNINITIALIZED_AUTOS = YES_AGGRESSIVE;
				GCC_WARN_UNUSED_FUNCTION = YES;
				GCC_WARN_UNUSED_VARIABLE = YES;
				IPHONEOS_DEPLOYMENT_TARGET = 13.2;
				MTL_ENABLE_DEBUG_INFO = NO;
				MTL_FAST_MATH = YES;
				SDKROOT = iphoneos;
				SWIFT_COMPILATION_MODE = wholemodule;
				SWIFT_OPTIMIZATION_LEVEL = "-O";
				VALIDATE_PRODUCT = YES;
			};
			name = Release;
		};
		F3009E0F23F801A600F7E956 /* Debug */ = {
			isa = XCBuildConfiguration;
			buildSettings = {
				ASSETCATALOG_COMPILER_APPICON_NAME = AppIcon;
				CODE_SIGN_STYLE = Automatic;
				DEVELOPMENT_ASSET_PATHS = "\"SimpleJsonClient/Preview Content\"";
				DEVELOPMENT_TEAM = 4246PMBZVS;
				ENABLE_PREVIEWS = YES;
				INFOPLIST_FILE = SimpleJsonClient/Info.plist;
				LD_RUNPATH_SEARCH_PATHS = (
					"$(inherited)",
					"@executable_path/Frameworks",
				);
				PRODUCT_BUNDLE_IDENTIFIER = com.landtanin.SimpleJsonClient;
				PRODUCT_NAME = "$(TARGET_NAME)";
				SWIFT_VERSION = 5.0;
				TARGETED_DEVICE_FAMILY = "1,2";
			};
			name = Debug;
		};
		F3009E1023F801A600F7E956 /* Release */ = {
			isa = XCBuildConfiguration;
			buildSettings = {
				ASSETCATALOG_COMPILER_APPICON_NAME = AppIcon;
				CODE_SIGN_STYLE = Automatic;
				DEVELOPMENT_ASSET_PATHS = "\"SimpleJsonClient/Preview Content\"";
				DEVELOPMENT_TEAM = 4246PMBZVS;
				ENABLE_PREVIEWS = YES;
				INFOPLIST_FILE = SimpleJsonClient/Info.plist;
				LD_RUNPATH_SEARCH_PATHS = (
					"$(inherited)",
					"@executable_path/Frameworks",
				);
				PRODUCT_BUNDLE_IDENTIFIER = com.landtanin.SimpleJsonClient;
				PRODUCT_NAME = "$(TARGET_NAME)";
				SWIFT_VERSION = 5.0;
				TARGETED_DEVICE_FAMILY = "1,2";
			};
			name = Release;
		};
/* End XCBuildConfiguration section */

/* Begin XCConfigurationList section */
		F3009DF523F801A200F7E956 /* Build configuration list for PBXProject "SimpleJsonClient" */ = {
			isa = XCConfigurationList;
			buildConfigurations = (
				F3009E0C23F801A600F7E956 /* Debug */,
				F3009E0D23F801A600F7E956 /* Release */,
			);
			defaultConfigurationIsVisible = 0;
			defaultConfigurationName = Release;
		};
		F3009E0E23F801A600F7E956 /* Build configuration list for PBXNativeTarget "SimpleJsonClient" */ = {
			isa = XCConfigurationList;
			buildConfigurations = (
				F3009E0F23F801A600F7E956 /* Debug */,
				F3009E1023F801A600F7E956 /* Release */,
			);
			defaultConfigurationIsVisible = 0;
			defaultConfigurationName = Release;
		};
/* End XCConfigurationList section */
	};
	rootObject = F3009DF223F801A200F7E956 /* Project object */;
}
